
Microsoft Visual Studio Solution File, Format Version 12.00
# Visual Studio Version 16
VisualStudioVersion = 16.0.31112.23
MinimumVisualStudioVersion = 10.0.40219.1
Project("{FAE04EC0-301F-11D3-BF4B-00C04F79EFBC}") = "App1_cep.Android", "App1_cep\App1_cep.Android\App1_cep.Android.csproj", "{60D6BFD8-B0F0-4A7A-9164-DFCAE7EEC007}"
EndProject
Project("{FAE04EC0-301F-11D3-BF4B-00C04F79EFBC}") = "App1_cep.iOS", "App1_cep\App1_cep.iOS\App1_cep.iOS.csproj", "{9C737BF6-5E93-459B-B3EE-18A0D54BE639}"
EndProject
Project("{FAE04EC0-301F-11D3-BF4B-00C04F79EFBC}") = "App1_cep", "App1_cep\App1_cep\App1_cep.csproj", "{2D4F5B93-0E68-4550-8668-F6FF0B435C53}"
EndProject
Global
	GlobalSection(SolutionConfigurationPlatforms) = preSolution
		Debug|Any CPU = Debug|Any CPU
		Debug|iPhone = Debug|iPhone
		Debug|iPhoneSimulator = Debug|iPhoneSimulator
		Release|Any CPU = Release|Any CPU
		Release|iPhone = Release|iPhone
		Release|iPhoneSimulator = Release|iPhoneSimulator
	EndGlobalSection
	GlobalSection(ProjectConfigurationPlatforms) = postSolution
		{60D6BFD8-B0F0-4A7A-9164-DFCAE7EEC007}.Debug|Any CPU.ActiveCfg = Debug|Any CPU
		{60D6BFD8-B0F0-4A7A-9164-DFCAE7EEC007}.Debug|Any CPU.Build.0 = Debug|Any CPU
		{60D6BFD8-B0F0-4A7A-9164-DFCAE7EEC007}.Debug|Any CPU.Deploy.0 = Debug|Any CPU
		{60D6BFD8-B0F0-4A7A-9164-DFCAE7EEC007}.Debug|iPhone.ActiveCfg = Debug|Any CPU
		{60D6BFD8-B0F0-4A7A-9164-DFCAE7EEC007}.Debug|iPhone.Build.0 = Debug|Any CPU
		{60D6BFD8-B0F0-4A7A-9164-DFCAE7EEC007}.Debug|iPhone.Deploy.0 = Debug|Any CPU
		{60D6BFD8-B0F0-4A7A-9164-DFCAE7EEC007}.Debug|iPhoneSimulator.ActiveCfg = Debug|Any CPU
		{60D6BFD8-B0F0-4A7A-9164-DFCAE7EEC007}.Debug|iPhoneSimulator.Build.0 = Debug|Any CPU
		{60D6BFD8-B0F0-4A7A-9164-DFCAE7EEC007}.Debug|iPhoneSimulator.Deploy.0 = Debug|Any CPU
		{60D6BFD8-B0F0-4A7A-9164-DFCAE7EEC007}.Release|Any CPU.ActiveCfg = Release|Any CPU
		{60D6BFD8-B0F0-4A7A-9164-DFCAE7EEC007}.Release|Any CPU.Build.0 = Release|Any CPU
		{60D6BFD8-B0F0-4A7A-9164-DFCAE7EEC007}.Release|Any CPU.Deploy.0 = Release|Any CPU
		{60D6BFD8-B0F0-4A7A-9164-DFCAE7EEC007}.Release|iPhone.ActiveCfg = Release|Any CPU
		{60D6BFD8-B0F0-4A7A-9164-DFCAE7EEC007}.Release|iPhone.Build.0 = Release|Any CPU
		{60D6BFD8-B0F0-4A7A-9164-DFCAE7EEC007}.Release|iPhone.Deploy.0 = Release|Any CPU
		{60D6BFD8-B0F0-4A7A-9164-DFCAE7EEC007}.Release|iPhoneSimulator.ActiveCfg = Release|Any CPU
		{60D6BFD8-B0F0-4A7A-9164-DFCAE7EEC007}.Release|iPhoneSimulator.Build.0 = Release|Any CPU
		{60D6BFD8-B0F0-4A7A-9164-DFCAE7EEC007}.Release|iPhoneSimulator.Deploy.0 = Release|Any CPU
		{9C737BF6-5E93-459B-B3EE-18A0D54BE639}.Debug|Any CPU.ActiveCfg = Debug|iPhone
		{9C737BF6-5E93-459B-B3EE-18A0D54BE639}.Debug|Any CPU.Build.0 = Debug|iPhone
		{9C737BF6-5E93-459B-B3EE-18A0D54BE639}.Debug|Any CPU.Deploy.0 = Debug|iPhone
		{9C737BF6-5E93-459B-B3EE-18A0D54BE639}.Debug|iPhone.ActiveCfg = Debug|iPhone
		{9C737BF6-5E93-459B-B3EE-18A0D54BE639}.Debug|iPhone.Build.0 = Debug|iPhone
		{9C737BF6-5E93-459B-B3EE-18A0D54BE639}.Debug|iPhone.Deploy.0 = Debug|iPhone
		{9C737BF6-5E93-459B-B3EE-18A0D54BE639}.Debug|iPhoneSimulator.ActiveCfg = Debug|iPhoneSimulator
		{9C737BF6-5E93-459B-B3EE-18A0D54BE639}.Debug|iPhoneSimulator.Build.0 = Debug|iPhoneSimulator
		{9C737BF6-5E93-459B-B3EE-18A0D54BE639}.Debug|iPhoneSimulator.Deploy.0 = Debug|iPhoneSimulator
		{9C737BF6-5E93-459B-B3EE-18A0D54BE639}.Release|Any CPU.ActiveCfg = Release|iPhoneSimulator
		{9C737BF6-5E93-459B-B3EE-18A0D54BE639}.Release|Any CPU.Build.0 = Release|iPhoneSimulator
		{9C737BF6-5E93-459B-B3EE-18A0D54BE639}.Release|Any CPU.Deploy.0 = Release|iPhoneSimulator
		{9C737BF6-5E93-459B-B3EE-18A0D54BE639}.Release|iPhone.ActiveCfg = Release|iPhone
		{9C737BF6-5E93-459B-B3EE-18A0D54BE639}.Release|iPhone.Build.0 = Release|iPhone
		{9C737BF6-5E93-459B-B3EE-18A0D54BE639}.Release|iPhone.Deploy.0 = Release|iPhone
		{9C737BF6-5E93-459B-B3EE-18A0D54BE639}.Release|iPhoneSimulator.ActiveCfg = Release|iPhoneSimulator
		{9C737BF6-5E93-459B-B3EE-18A0D54BE639}.Release|iPhoneSimulator.Build.0 = Release|iPhoneSimulator
		{9C737BF6-5E93-459B-B3EE-18A0D54BE639}.Release|iPhoneSimulator.Deploy.0 = Release|iPhoneSimulator
		{2D4F5B93-0E68-4550-8668-F6FF0B435C53}.Debug|Any CPU.ActiveCfg = Debug|Any CPU
		{2D4F5B93-0E68-4550-8668-F6FF0B435C53}.Debug|Any CPU.Build.0 = Debug|Any CPU
		{2D4F5B93-0E68-4550-8668-F6FF0B435C53}.Debug|Any CPU.Deploy.0 = Debug|Any CPU
		{2D4F5B93-0E68-4550-8668-F6FF0B435C53}.Debug|iPhone.ActiveCfg = Debug|Any CPU
		{2D4F5B93-0E68-4550-8668-F6FF0B435C53}.Debug|iPhone.Build.0 = Debug|Any CPU
		{2D4F5B93-0E68-4550-8668-F6FF0B435C53}.Debug|iPhone.Deploy.0 = Debug|Any CPU
		{2D4F5B93-0E68-4550-8668-F6FF0B435C53}.Debug|iPhoneSimulator.ActiveCfg = Debug|Any CPU
		{2D4F5B93-0E68-4550-8668-F6FF0B435C53}.Debug|iPhoneSimulator.Build.0 = Debug|Any CPU
		{2D4F5B93-0E68-4550-8668-F6FF0B435C53}.Debug|iPhoneSimulator.Deploy.0 = Debug|Any CPU
		{2D4F5B93-0E68-4550-8668-F6FF0B435C53}.Release|Any CPU.ActiveCfg = Release|Any CPU
		{2D4F5B93-0E68-4550-8668-F6FF0B435C53}.Release|Any CPU.Build.0 = Release|Any CPU
		{2D4F5B93-0E68-4550-8668-F6FF0B435C53}.Release|Any CPU.Deploy.0 = Release|Any CPU
		{2D4F5B93-0E68-4550-8668-F6FF0B435C53}.Release|iPhone.ActiveCfg = Release|Any CPU
		{2D4F5B93-0E68-4550-8668-F6FF0B435C53}.Release|iPhone.Build.0 = Release|Any CPU
		{2D4F5B93-0E68-4550-8668-F6FF0B435C53}.Release|iPhone.Deploy.0 = Release|Any CPU
		{2D4F5B93-0E68-4550-8668-F6FF0B435C53}.Release|iPhoneSimulator.ActiveCfg = Release|Any CPU
		{2D4F5B93-0E68-4550-8668-F6FF0B435C53}.Release|iPhoneSimulator.Build.0 = Release|Any CPU
		{2D4F5B93-0E68-4550-8668-F6FF0B435C53}.Release|iPhoneSimulator.Deploy.0 = Release|Any CPU
	EndGlobalSection
	GlobalSection(SolutionProperties) = preSolution
		HideSolutionNode = FALSE
	EndGlobalSection
	GlobalSection(ExtensibilityGlobals) = postSolution
		SolutionGuid = {60777521-B8B1-4794-91CE-980EB8AAA141}
	EndGlobalSection
EndGlobal
